{
  "name": "f2f",
  "version": "0.1.0",
  "lockfileVersion": 1,
  "requires": true,
  "dependencies": {
    "fingilish": {
      "version": "1.0.0",
      "resolved": "https://registry.npmjs.org/fingilish/-/fingilish-1.0.0.tgz",
      "integrity": "sha512-vqEguUIim2lv9eh3QJQGLYkD7u0pOjaqFOT5qVYs+wRMeEBdBgff+nYO6xTHEYMXUIXGIZYbAq4dlZkKkeLslA=="
    }
  }
}
